{
  "name": "kinetiq-platform",
  "version": "0.1.0",
  "lockfileVersion": 3,
  "requires": true,
  "packages": {
    "": {
      "name": "kinetiq-platform",
      "version": "0.1.0",
      "license": "MIT",
      "workspaces": [
        "packages/*",
        "apps/*"
      ],
      "dependencies": {
        "three": "^0.186.0",
        "wasmoon": "^1.16.0",
        "ws": "^8.18.0"
      },
      "engines": {
        "node": ">=22.5.0"
      }
    },
    "node_modules/@kinetiq/db": {
      "resolved": "packages/db",
      "link": true
    },
    "node_modules/@kinetiq/engine": {
      "resolved": "packages/engine",
      "link": true
    },
    "node_modules/@kinetiq/scripting": {
      "resolved": "packages/scripting",
      "link": true
    },
    "node_modules/@kinetiq/shared": {
      "resolved": "packages/shared",
      "link": true
    },
    "node_modules/@types/emscripten": {
      "version": "1.39.10",
      "resolved": "https://registry.npmjs.org/@types/emscripten/-/emscripten-1.39.10.tgz",
      "integrity": "sha512-TB/6hBkYQJxsZHSqyeuO1Jt0AB/bW6G7rHt9g7lML7SOF6lbgcHvw/Lr+69iqN0qxgXLhWKScAon73JNnptuDw==",
      "license": "MIT"
    },
    "node_modules/three": {
      "version": "0.186.0",
      "resolved": "https://registry.npmjs.org/three/-/three-0.186.0.tgz",
      "integrity": "sha512-cr/fIM2ddMSVbYVgkfD4jLJv7Fh/8ZTjvo+7gQeSVGUZHxpx9FDwoL5iC7hUz/LiRA8wMbqfnb90xKfm1/HHkQ==",
      "license": "MIT"
    },
    "node_modules/wasmoon": {
      "version": "1.16.0",
      "resolved": "https://registry.npmjs.org/wasmoon/-/wasmoon-1.16.0.tgz",
      "integrity": "sha512-FlRLb15WwAOz1A9OQDbf6oOKKSiefi5VK0ZRF2wgH9xk3o5SnU11tNPaOnQuAh1Ucr66cwwvVXaeVRaFdRBt5g==",
      "license": "MIT",
      "dependencies": {
        "@types/emscripten": "1.39.10"
      },
      "bin": {
        "wasmoon": "bin/wasmoon"
      }
    },
    "node_modules/ws": {
      "version": "8.21.3",
      "resolved": "https://registry.npmjs.org/ws/-/ws-8.21.3.tgz",
      "integrity": "sha512-201TZ/kPWxoPr/OKWjquZR1SWKXcvxdH+e1xrx89b3YbmzLMFCLfnaG1HFIgWzJOEWZ7MvpK++odZufgYR50Rw==",
      "license": "MIT",
      "engines": {
        "node": ">=10.0.0"
      },
      "peerDependencies": {
        "bufferutil": "^4.0.1",
        "utf-8-validate": ">=5.0.2"
      },
      "peerDependenciesMeta": {
        "bufferutil": {
          "optional": true
        },
        "utf-8-validate": {
          "optional": true
        }
      }
    },
    "packages/db": {
      "name": "@kinetiq/db",
      "version": "0.1.0",
      "dependencies": {
        "@kinetiq/shared": "*"
      }
    },
    "packages/engine": {
      "name": "@kinetiq/engine",
      "version": "0.1.0",
      "dependencies": {
        "@kinetiq/shared": "*"
      }
    },
    "packages/scripting": {
      "name": "@kinetiq/scripting",
      "version": "0.1.0",
      "dependencies": {
        "@kinetiq/engine": "*",
        "@kinetiq/shared": "*",
        "wasmoon": "^1.16.0"
      }
    },
    "packages/shared": {
      "name": "@kinetiq/shared",
      "version": "0.1.0"
    }
  }
}
